// !$*UTF8*$!
{
	archiveVersion = 1;
	classes = {
	};
	objectVersion = 46;
	objects = {

/* Begin PBXBuildFile section */
		B25576211C0E885000780806 /* ZBannerView.m in Sources */ = {isa = PBXBuildFile; fileRef = B25576201C0E885000780806 /* ZBannerView.m */; };
		B2BB10AA1C0D9F1400C3FF75 /* main.m in Sources */ = {isa = PBXBuildFile; fileRef = B2BB10A91C0D9F1400C3FF75 /* main.m */; };
		B2BB10AD1C0D9F1400C3FF75 /* AppDelegate.m in Sources */ = {isa = PBXBuildFile; fileRef = B2BB10AC1C0D9F1400C3FF75 /* AppDelegate.m */; };
		B2BB10B01C0D9F1400C3FF75 /* ViewController.m in Sources */ = {isa = PBXBuildFile; fileRef = B2BB10AF1C0D9F1400C3FF75 /* ViewController.m */; };
		B2BB10B31C0D9F1400C3FF75 /* Main.storyboard in Resources */ = {isa = PBXBuildFile; fileRef = B2BB10B11C0D9F1400C3FF75 /* Main.storyboard */; };
		B2BB10B51C0D9F1400C3FF75 /* Assets.xcassets in Resources */ = {isa = PBXBuildFile; fileRef = B2BB10B41C0D9F1400C3FF75 /* Assets.xcassets */; };
		B2BB10B81C0D9F1400C3FF75 /* LaunchScreen.storyboard in Resources */ = {isa = PBXBuildFile; fileRef = B2BB10B61C0D9F1400C3FF75 /* LaunchScreen.storyboard */; };
/* End PBXBuildFile section */

/* Begin PBXFileReference section */
		B255761F1C0E885000780806 /* ZBannerView.h */ = {isa = PBXFileReference; fileEncoding = 4; lastKnownFileType = sourcecode.c.h; path = ZBannerView.h; sourceTree = "<group>"; };
		B25576201C0E885000780806 /* ZBannerView.m */ = {isa = PBXFileReference; fileEncoding = 4; lastKnownFileType = sourcecode.c.objc; path = ZBannerView.m; sourceTree = "<group>"; };
		B2BB10A51C0D9F1400C3FF75 /* ZBannerViewDemo.app */ = {isa = PBXFileReference; explicitFileType = wrapper.application; includeInIndex = 0; path = ZBannerViewDemo.app; sourceTree = BUILT_PRODUCTS_DIR; };
		B2BB10A91C0D9F1400C3FF75 /* main.m */ = {isa = PBXFileReference; lastKnownFileType = sourcecode.c.objc; path = main.m; sourceTree = "<group>"; };
		B2BB10AB1C0D9F1400C3FF75 /* AppDelegate.h */ = {isa = PBXFileReference; lastKnownFileType = sourcecode.c.h; path = AppDelegate.h; sourceTree = "<group>"; };
		B2BB10AC1C0D9F1400C3FF75 /* AppDelegate.m */ = {isa = PBXFileReference; lastKnownFileType = sourcecode.c.objc; path = AppDelegate.m; sourceTree = "<group>"; };
		B2BB10AE1C0D9F1400C3FF75 /* ViewController.h */ = {isa = PBXFileReference; lastKnownFileType = sourcecode.c.h; path = ViewController.h; sourceTree = "<group>"; };
		B2BB10AF1C0D9F1400C3FF75 /* ViewController.m */ = {isa = PBXFileReference; lastKnownFileType = sourcecode.c.objc; path = ViewController.m; sourceTree = "<group>"; };
		B2BB10B21C0D9F1400C3FF75 /* Base */ = {isa = PBXFileReference; lastKnownFileType = file.storyboard; name = Base; path = Base.lproj/Main.storyboard; sourceTree = "<group>"; };
		B2BB10B41C0D9F1400C3FF75 /* Assets.xcassets */ = {isa = PBXFileReference; lastKnownFileType = folder.assetcatalog; path = Assets.xcassets; sourceTree = "<group>"; };
		B2BB10B71C0D9F1400C3FF75 /* Base */ = {isa = PBXFileReference; lastKnownFileType = file.storyboard; name = Base; path = Base.lproj/LaunchScreen.storyboard; sourceTree = "<group>"; };
		B2BB10B91C0D9F1400C3FF75 /* Info.plist */ = {isa = PBXFileReference; lastKnownFileType = text.plist.xml; path = Info.plist; sourceTree = "<group>"; };
/* End PBXFileReference section */

/* Begin PBXFrameworksBuildPhase section */
		B2BB10A21C0D9F1400C3FF75 /* Frameworks */ = {
			isa = PBXFrameworksBuildPhase;
			buildActionMask = 2147483647;
			files = (
			);
			runOnlyForDeploymentPostprocessing = 0;
		};
/* End PBXFrameworksBuildPhase section */

/* Begin PBXGroup section */
		B255761E1C0E885000780806 /* ZBannerView */ = {
			isa = PBXGroup;
			children = (
				B255761F1C0E885000780806 /* ZBannerView.h */,
				B25576201C0E885000780806 /* ZBannerView.m */,
			);
			path = ZBannerView;
			sourceTree = "<group>";
		};
		B2BB109C1C0D9F1400C3FF75 = {
			isa = PBXGroup;
			children = (
				B255761E1C0E885000780806 /* ZBannerView */,
				B2BB10A71C0D9F1400C3FF75 /* ZBannerViewDemo */,
				B2BB10A61C0D9F1400C3FF75 /* Products */,
			);
			sourceTree = "<group>";
		};
		B2BB10A61C0D9F1400C3FF75 /* Products */ = {
			isa = PBXGroup;
			children = (
				B2BB10A51C0D9F1400C3FF75 /* ZBannerViewDemo.app */,
			);
			name = Products;
			sourceTree = "<group>";
		};
		B2BB10A71C0D9F1400C3FF75 /* ZBannerViewDemo */ = {
			isa = PBXGroup;
			children = (
				B2BB10AB1C0D9F1400C3FF75 /* AppDelegate.h */,
				B2BB10AC1C0D9F1400C3FF75 /* AppDelegate.m */,
				B2BB10AE1C0D9F1400C3FF75 /* ViewController.h */,
				B2BB10AF1C0D9F1400C3FF75 /* ViewController.m */,
				B2BB10A81C0D9F1400C3FF75 /* Supporting Files */,
			);
			path = ZBannerViewDemo;
			sourceTree = "<group>";
		};
		B2BB10A81C0D9F1400C3FF75 /* Supporting Files */ = {
			isa = PBXGroup;
			children = (
				B2BB10B11C0D9F1400C3FF75 /* Main.storyboard */,
				B2BB10B41C0D9F1400C3FF75 /* Assets.xcassets */,
				B2BB10B61C0D9F1400C3FF75 /* LaunchScreen.storyboard */,
				B2BB10B91C0D9F1400C3FF75 /* Info.plist */,
				B2BB10A91C0D9F1400C3FF75 /* main.m */,
			);
			name = "Supporting Files";
			sourceTree = "<group>";
		};
/* End PBXGroup section */

/* Begin PBXNativeTarget section */
		B2BB10A41C0D9F1400C3FF75 /* ZBannerViewDemo */ = {
			isa = PBXNativeTarget;
			buildConfigurationList = B2BB10BC1C0D9F1400C3FF75 /* Build configuration list for PBXNativeTarget "ZBannerViewDemo" */;
			buildPhases = (
				B2BB10A11C0D9F1400C3FF75 /* Sources */,
				B2BB10A21C0D9F1400C3FF75 /* Frameworks */,
				B2BB10A31C0D9F1400C3FF75 /* Resources */,
			);
			buildRules = (
			);
			dependencies = (
			);
			name = ZBannerViewDemo;
			productName = ZBannerViewDemo;
			productReference = B2BB10A51C0D9F1400C3FF75 /* ZBannerViewDemo.app */;
			productType = "com.apple.product-type.application";
		};
/* End PBXNativeTarget section */

/* Begin PBXProject section */
		B2BB109D1C0D9F1400C3FF75 /* Project object */ = {
			isa = PBXProject;
			attributes = {
				LastUpgradeCheck = 0710;
				ORGANIZATIONNAME = yd;
				TargetAttributes = {
					B2BB10A41C0D9F1400C3FF75 = {
						CreatedOnToolsVersion = 7.1.1;
						DevelopmentTeam = QHT3H6GC4B;
					};
				};
			};
			buildConfigurationList = B2BB10A01C0D9F1400C3FF75 /* Build configuration list for PBXProject "ZBannerViewDemo" */;
			compatibilityVersion = "Xcode 3.2";
			developmentRegion = English;
			hasScannedForEncodings = 0;
			knownRegions = (
				en,
				Base,
			);
			mainGroup = B2BB109C1C0D9F1400C3FF75;
			productRefGroup = B2BB10A61C0D9F1400C3FF75 /* Products */;
			projectDirPath = "";
			projectRoot = "";
			targets = (
				B2BB10A41C0D9F1400C3FF75 /* ZBannerViewDemo */,
			);
		};
/* End PBXProject section */

/* Begin PBXResourcesBuildPhase section */
		B2BB10A31C0D9F1400C3FF75 /* Resources */ = {
			isa = PBXResourcesBuildPhase;
			buildActionMask = 2147483647;
			files = (
				B2BB10B81C0D9F1400C3FF75 /* LaunchScreen.storyboard in Resources */,
				B2BB10B51C0D9F1400C3FF75 /* Assets.xcassets in Resources */,
				B2BB10B31C0D9F1400C3FF75 /* Main.storyboard in Resources */,
			);
			runOnlyForDeploymentPostprocessing = 0;
		};
/* End PBXResourcesBuildPhase section */

/* Begin PBXSourcesBuildPhase section */
		B2BB10A11C0D9F1400C3FF75 /* Sources */ = {
			isa = PBXSourcesBuildPhase;
			buildActionMask = 2147483647;
			files = (
				B2BB10B01C0D9F1400C3FF75 /* ViewController.m in Sources */,
				B2BB10AD1C0D9F1400C3FF75 /* AppDelegate.m in Sources */,
				B2BB10AA1C0D9F1400C3FF75 /* main.m in Sources */,
				B25576211C0E885000780806 /* ZBannerView.m in Sources */,
			);
			runOnlyForDeploymentPostprocessing = 0;
		};
/* End PBXSourcesBuildPhase section */

/* Begin PBXVariantGroup section */
		B2BB10B11C0D9F1400C3FF75 /* Main.storyboard */ = {
			isa = PBXVariantGroup;
			children = (
				B2BB10B21C0D9F1400C3FF75 /* Base */,
			);
			name = Main.storyboard;
			sourceTree = "<group>";
		};
		B2BB10B61C0D9F1400C3FF75 /* LaunchScreen.storyboard */ = {
			isa = PBXVariantGroup;
			children = (
				B2BB10B71C0D9F1400C3FF75 /* Base */,
			);
			name = LaunchScreen.storyboard;
			sourceTree = "<group>";
		};
/* End PBXVariantGroup section */

/* Begin XCBuildConfiguration section */
		B2BB10BA1C0D9F1400C3FF75 /* Debug */ = {
			isa = XCBuildConfiguration;
			buildSettings = {
				ALWAYS_SEARCH_USER_PATHS = NO;
				CLANG_CXX_LANGUAGE_STANDARD = "gnu++0x";
				CLANG_CXX_LIBRARY = "libc++";
				CLANG_ENABLE_MODULES = YES;
				CLANG_ENABLE_OBJC_ARC = YES;
				CLANG_WARN_BOOL_CONVERSION = YES;
				CLANG_WARN_CONSTANT_CONVERSION = YES;
				CLANG_WARN_DIRECT_OBJC_ISA_USAGE = YES_ERROR;
				CLANG_WARN_EMPTY_BODY = YES;
				CLANG_WARN_ENUM_CONVERSION = YES;
				CLANG_WARN_INT_CONVERSION = YES;
				CLANG_WARN_OBJC_ROOT_CLASS = YES_ERROR;
				CLANG_WARN_UNREACHABLE_CODE = YES;
				CLANG_WARN__DUPLICATE_METHOD_MATCH = YES;
				"CODE_SIGN_IDENTITY[sdk=iphoneos*]" = "iPhone Developer";
				COPY_PHASE_STRIP = NO;
				DEBUG_INFORMATION_FORMAT = dwarf;
				ENABLE_STRICT_OBJC_MSGSEND = YES;
				ENABLE_TESTABILITY = YES;
				GCC_C_LANGUAGE_STANDARD = gnu99;
				GCC_DYNAMIC_NO_PIC = NO;
				GCC_NO_COMMON_BLOCKS = YES;
				GCC_OPTIMIZATION_LEVEL = 0;
				GCC_PREPROCESSOR_DEFINITIONS = (
					"DEBUG=1",
					"$(inherited)",
				);
				GCC_WARN_64_TO_32_BIT_CONVERSION = YES;
				GCC_WARN_ABOUT_RETURN_TYPE = YES_ERROR;
				GCC_WARN_UNDECLARED_SELECTOR = YES;
				GCC_WARN_UNINITIALIZED_AUTOS = YES_AGGRESSIVE;
				GCC_WARN_UNUSED_FUNCTION = YES;
				GCC_WARN_UNUSED_VARIABLE = YES;
				IPHONEOS_DEPLOYMENT_TARGET = 9.1;
				MTL_ENABLE_DEBUG_INFO = YES;
				ONLY_ACTIVE_ARCH = YES;
				SDKROOT = iphoneos;
				TARGETED_DEVICE_FAMILY = "1,2";
			};
			name = Debug;
		};
		B2BB10BB1C0D9F1400C3FF75 /* Release */ = {
			isa = XCBuildConfiguration;
			buildSettings = {
				ALWAYS_SEARCH_USER_PATHS = NO;
				CLANG_CXX_LANGUAGE_STANDARD = "gnu++0x";
				CLANG_CXX_LIBRARY = "libc++";
				CLANG_ENABLE_MODULES = YES;
				CLANG_ENABLE_OBJC_ARC = YES;
				CLANG_WARN_BOOL_CONVERSION = YES;
				CLANG_WARN_CONSTANT_CONVERSION = YES;
				CLANG_WARN_DIRECT_OBJC_ISA_USAGE = YES_ERROR;
				CLANG_WARN_EMPTY_BODY = YES;
				CLANG_WARN_ENUM_CONVERSION = YES;
				CLANG_WARN_INT_CONVERSION = YES;
				CLANG_WARN_OBJC_ROOT_CLASS = YES_ERROR;
				CLANG_WARN_UNREACHABLE_CODE = YES;
				CLANG_WARN__DUPLICATE_METHOD_MATCH = YES;
				"CODE_SIGN_IDENTITY[sdk=iphoneos*]" = "iPhone Developer";
				COPY_PHASE_STRIP = NO;
				DEBUG_INFORMATION_FORMAT = "dwarf-with-dsym";
				ENABLE_NS_ASSERTIONS = NO;
				ENABLE_STRICT_OBJC_MSGSEND = YES;
				GCC_C_LANGUAGE_STANDARD = gnu99;
				GCC_NO_COMMON_BLOCKS = YES;
				GCC_WARN_64_TO_32_BIT_CONVERSION = YES;
				GCC_WARN_ABOUT_RETURN_TYPE = YES_ERROR;
				GCC_WARN_UNDECLARED_SELECTOR = YES;
				GCC_WARN_UNINITIALIZED_AUTOS = YES_AGGRESSIVE;
				GCC_WARN_UNUSED_FUNCTION = YES;
				GCC_WARN_UNUSED_VARIABLE = YES;
				IPHONEOS_DEPLOYMENT_TARGET = 9.1;
				MTL_ENABLE_DEBUG_INFO = NO;
				SDKROOT = iphoneos;
				TARGETED_DEVICE_FAMILY = "1,2";
				VALIDATE_PRODUCT = YES;
			};
			name = Release;
		};
		B2BB10BD1C0D9F1400C3FF75 /* Debug */ = {
			isa = XCBuildConfiguration;
			buildSettings = {
				ASSETCATALOG_COMPILER_APPICON_NAME = AppIcon;
				INFOPLIST_FILE = ZBannerViewDemo/Info.plist;
				IPHONEOS_DEPLOYMENT_TARGET = 7.0;
				LD_RUNPATH_SEARCH_PATHS = "$(inherited) @executable_path/Frameworks";
				PRODUCT_BUNDLE_IDENTIFIER = com.Zz.ZBannerViewDemo;
				PRODUCT_NAME = "$(TARGET_NAME)";
			};
			name = Debug;
		};
		B2BB10BE1C0D9F1400C3FF75 /* Release */ = {
			isa = XCBuildConfiguration;
			buildSettings = {
				ASSETCATALOG_COMPILER_APPICON_NAME = AppIcon;
				INFOPLIST_FILE = ZBannerViewDemo/Info.plist;
				IPHONEOS_DEPLOYMENT_TARGET = 7.0;
				LD_RUNPATH_SEARCH_PATHS = "$(inherited) @executable_path/Frameworks";
				PRODUCT_BUNDLE_IDENTIFIER = com.Zz.ZBannerViewDemo;
				PRODUCT_NAME = "$(TARGET_NAME)";
			};
			name = Release;
		};
/* End XCBuildConfiguration section */

/* Begin XCConfigurationList section */
		B2BB10A01C0D9F1400C3FF75 /* Build configuration list for PBXProject "ZBannerViewDemo" */ = {
			isa = XCConfigurationList;
			buildConfigurations = (
				B2BB10BA1C0D9F1400C3FF75 /* Debug */,
				B2BB10BB1C0D9F1400C3FF75 /* Release */,
			);
			defaultConfigurationIsVisible = 0;
			defaultConfigurationName = Release;
		};
		B2BB10BC1C0D9F1400C3FF75 /* Build configuration list for PBXNativeTarget "ZBannerViewDemo" */ = {
			isa = XCConfigurationList;
			buildConfigurations = (
				B2BB10BD1C0D9F1400C3FF75 /* Debug */,
				B2BB10BE1C0D9F1400C3FF75 /* Release */,
			);
			defaultConfigurationIsVisible = 0;
			defaultConfigurationName = Release;
		};
/* End XCConfigurationList section */
	};
	rootObject = B2BB109D1C0D9F1400C3FF75 /* Project object */;
}
